
Microsoft Visual Studio Solution File, Format Version 12.00
# Visual Studio Version 17
VisualStudioVersion = 17.0.31903.59
MinimumVisualStudioVersion = 10.0.40219.1
Project("{2150E333-8FDC-42A3-9474-1A3956D46DE8}") = "tests", "tests", "{0AB3BF05-4346-4AA6-1389-037BE0695223}"
EndProject
Project("{FAE04EC0-301F-11D3-BF4B-00C04F79EFBC}") = "GoalKeeper.Domain.Tests", "tests\GoalKeeper.Domain.Tests\GoalKeeper.Domain.Tests.csproj", "{7963CD0E-E1A1-4C6C-B390-52C1F33CFCA7}"
EndProject
Project("{FAE04EC0-301F-11D3-BF4B-00C04F79EFBC}") = "GoalKeeper.Integration.Tests", "tests\GoalKeeper.Integration.Tests\GoalKeeper.Integration.Tests.csproj", "{EE72C107-99EB-4BAE-81C8-A240E140E235}"
EndProject
Project("{FAE04EC0-301F-11D3-BF4B-00C04F79EFBC}") = "GoalKeeper.Application.Tests", "tests\GoalKeeper.Application.Tests\GoalKeeper.Application.Tests.csproj", "{AC927BA6-D339-46F5-83A5-9E4412FFEB50}"
EndProject
Project("{2150E333-8FDC-42A3-9474-1A3956D46DE8}") = "src", "src", "{827E0CD3-B72D-47B6-A68D-7590B98EB39B}"
EndProject
Project("{FAE04EC0-301F-11D3-BF4B-00C04F79EFBC}") = "GoalKeeper.Domain", "src\GoalKeeper.Domain\GoalKeeper.Domain.csproj", "{F396A986-7A62-4D29-88F6-44D33FB3EF54}"
EndProject
Project("{FAE04EC0-301F-11D3-BF4B-00C04F79EFBC}") = "GoalKeeper.Application", "src\GoalKeeper.Application\GoalKeeper.Application.csproj", "{E0AA6D7C-69B7-42B5-830C-626A0E64C9F3}"
EndProject
Project("{FAE04EC0-301F-11D3-BF4B-00C04F79EFBC}") = "GoalKeeper.Infrastructure", "src\GoalKeeper.Infrastructure\GoalKeeper.Infrastructure.csproj", "{8DA46EFD-D205-455C-94E1-4EDE6D8249DE}"
EndProject
Project("{FAE04EC0-301F-11D3-BF4B-00C04F79EFBC}") = "GoalKeeper.Web", "src\GoalKeeper.Web\GoalKeeper.Web.csproj", "{84DDC22E-5BDB-4F98-87F4-A8F9CA6AC5B3}"
EndProject
Global
	GlobalSection(SolutionConfigurationPlatforms) = preSolution
		Debug|Any CPU = Debug|Any CPU
		Debug|x64 = Debug|x64
		Debug|x86 = Debug|x86
		Release|Any CPU = Release|Any CPU
		Release|x64 = Release|x64
		Release|x86 = Release|x86
	EndGlobalSection
	GlobalSection(ProjectConfigurationPlatforms) = postSolution
		{7963CD0E-E1A1-4C6C-B390-52C1F33CFCA7}.Debug|Any CPU.ActiveCfg = Debug|Any CPU
		{7963CD0E-E1A1-4C6C-B390-52C1F33CFCA7}.Debug|Any CPU.Build.0 = Debug|Any CPU
		{7963CD0E-E1A1-4C6C-B390-52C1F33CFCA7}.Debug|x64.ActiveCfg = Debug|Any CPU
		{7963CD0E-E1A1-4C6C-B390-52C1F33CFCA7}.Debug|x64.Build.0 = Debug|Any CPU
		{7963CD0E-E1A1-4C6C-B390-52C1F33CFCA7}.Debug|x86.ActiveCfg = Debug|Any CPU
		{7963CD0E-E1A1-4C6C-B390-52C1F33CFCA7}.Debug|x86.Build.0 = Debug|Any CPU
		{7963CD0E-E1A1-4C6C-B390-52C1F33CFCA7}.Release|Any CPU.ActiveCfg = Release|Any CPU
		{7963CD0E-E1A1-4C6C-B390-52C1F33CFCA7}.Release|Any CPU.Build.0 = Release|Any CPU
		{7963CD0E-E1A1-4C6C-B390-52C1F33CFCA7}.Release|x64.ActiveCfg = Release|Any CPU
		{7963CD0E-E1A1-4C6C-B390-52C1F33CFCA7}.Release|x64.Build.0 = Release|Any CPU
		{7963CD0E-E1A1-4C6C-B390-52C1F33CFCA7}.Release|x86.ActiveCfg = Release|Any CPU
		{7963CD0E-E1A1-4C6C-B390-52C1F33CFCA7}.Release|x86.Build.0 = Release|Any CPU
		{EE72C107-99EB-4BAE-81C8-A240E140E235}.Debug|Any CPU.ActiveCfg = Debug|Any CPU
		{EE72C107-99EB-4BAE-81C8-A240E140E235}.Debug|Any CPU.Build.0 = Debug|Any CPU
		{EE72C107-99EB-4BAE-81C8-A240E140E235}.Debug|x64.ActiveCfg = Debug|Any CPU
		{EE72C107-99EB-4BAE-81C8-A240E140E235}.Debug|x64.Build.0 = Debug|Any CPU
		{EE72C107-99EB-4BAE-81C8-A240E140E235}.Debug|x86.ActiveCfg = Debug|Any CPU
		{EE72C107-99EB-4BAE-81C8-A240E140E235}.Debug|x86.Build.0 = Debug|Any CPU
		{EE72C107-99EB-4BAE-81C8-A240E140E235}.Release|Any CPU.ActiveCfg = Release|Any CPU
		{EE72C107-99EB-4BAE-81C8-A240E140E235}.Release|Any CPU.Build.0 = Release|Any CPU
		{EE72C107-99EB-4BAE-81C8-A240E140E235}.Release|x64.ActiveCfg = Release|Any CPU
		{EE72C107-99EB-4BAE-81C8-A240E140E235}.Release|x64.Build.0 = Release|Any CPU
		{EE72C107-99EB-4BAE-81C8-A240E140E235}.Release|x86.ActiveCfg = Release|Any CPU
		{EE72C107-99EB-4BAE-81C8-A240E140E235}.Release|x86.Build.0 = Release|Any CPU
		{AC927BA6-D339-46F5-83A5-9E4412FFEB50}.Debug|Any CPU.ActiveCfg = Debug|Any CPU
		{AC927BA6-D339-46F5-83A5-9E4412FFEB50}.Debug|Any CPU.Build.0 = Debug|Any CPU
		{AC927BA6-D339-46F5-83A5-9E4412FFEB50}.Debug|x64.ActiveCfg = Debug|Any CPU
		{AC927BA6-D339-46F5-83A5-9E4412FFEB50}.Debug|x64.Build.0 = Debug|Any CPU
		{AC927BA6-D339-46F5-83A5-9E4412FFEB50}.Debug|x86.ActiveCfg = Debug|Any CPU
		{AC927BA6-D339-46F5-83A5-9E4412FFEB50}.Debug|x86.Build.0 = Debug|Any CPU
		{AC927BA6-D339-46F5-83A5-9E4412FFEB50}.Release|Any CPU.ActiveCfg = Release|Any CPU
		{AC927BA6-D339-46F5-83A5-9E4412FFEB50}.Release|Any CPU.Build.0 = Release|Any CPU
		{AC927BA6-D339-46F5-83A5-9E4412FFEB50}.Release|x64.ActiveCfg = Release|Any CPU
		{AC927BA6-D339-46F5-83A5-9E4412FFEB50}.Release|x64.Build.0 = Release|Any CPU
		{AC927BA6-D339-46F5-83A5-9E4412FFEB50}.Release|x86.ActiveCfg = Release|Any CPU
		{AC927BA6-D339-46F5-83A5-9E4412FFEB50}.Release|x86.Build.0 = Release|Any CPU
		{F396A986-7A62-4D29-88F6-44D33FB3EF54}.Debug|Any CPU.ActiveCfg = Debug|Any CPU
		{F396A986-7A62-4D29-88F6-44D33FB3EF54}.Debug|Any CPU.Build.0 = Debug|Any CPU
		{F396A986-7A62-4D29-88F6-44D33FB3EF54}.Debug|x64.ActiveCfg = Debug|Any CPU
		{F396A986-7A62-4D29-88F6-44D33FB3EF54}.Debug|x64.Build.0 = Debug|Any CPU
		{F396A986-7A62-4D29-88F6-44D33FB3EF54}.Debug|x86.ActiveCfg = Debug|Any CPU
		{F396A986-7A62-4D29-88F6-44D33FB3EF54}.Debug|x86.Build.0 = Debug|Any CPU
		{F396A986-7A62-4D29-88F6-44D33FB3EF54}.Release|Any CPU.ActiveCfg = Release|Any CPU
		{F396A986-7A62-4D29-88F6-44D33FB3EF54}.Release|Any CPU.Build.0 = Release|Any CPU
		{F396A986-7A62-4D29-88F6-44D33FB3EF54}.Release|x64.ActiveCfg = Release|Any CPU
		{F396A986-7A62-4D29-88F6-44D33FB3EF54}.Release|x64.Build.0 = Release|Any CPU
		{F396A986-7A62-4D29-88F6-44D33FB3EF54}.Release|x86.ActiveCfg = Release|Any CPU
		{F396A986-7A62-4D29-88F6-44D33FB3EF54}.Release|x86.Build.0 = Release|Any CPU
		{E0AA6D7C-69B7-42B5-830C-626A0E64C9F3}.Debug|Any CPU.ActiveCfg = Debug|Any CPU
		{E0AA6D7C-69B7-42B5-830C-626A0E64C9F3}.Debug|Any CPU.Build.0 = Debug|Any CPU
		{E0AA6D7C-69B7-42B5-830C-626A0E64C9F3}.Debug|x64.ActiveCfg = Debug|Any CPU
		{E0AA6D7C-69B7-42B5-830C-626A0E64C9F3}.Debug|x64.Build.0 = Debug|Any CPU
		{E0AA6D7C-69B7-42B5-830C-626A0E64C9F3}.Debug|x86.ActiveCfg = Debug|Any CPU
		{E0AA6D7C-69B7-42B5-830C-626A0E64C9F3}.Debug|x86.Build.0 = Debug|Any CPU
		{E0AA6D7C-69B7-42B5-830C-626A0E64C9F3}.Release|Any CPU.ActiveCfg = Release|Any CPU
		{E0AA6D7C-69B7-42B5-830C-626A0E64C9F3}.Release|Any CPU.Build.0 = Release|Any CPU
		{E0AA6D7C-69B7-42B5-830C-626A0E64C9F3}.Release|x64.ActiveCfg = Release|Any CPU
		{E0AA6D7C-69B7-42B5-830C-626A0E64C9F3}.Release|x64.Build.0 = Release|Any CPU
		{E0AA6D7C-69B7-42B5-830C-626A0E64C9F3}.Release|x86.ActiveCfg = Release|Any CPU
		{E0AA6D7C-69B7-42B5-830C-626A0E64C9F3}.Release|x86.Build.0 = Release|Any CPU
		{8DA46EFD-D205-455C-94E1-4EDE6D8249DE}.Debug|Any CPU.ActiveCfg = Debug|Any CPU
		{8DA46EFD-D205-455C-94E1-4EDE6D8249DE}.Debug|Any CPU.Build.0 = Debug|Any CPU
		{8DA46EFD-D205-455C-94E1-4EDE6D8249DE}.Debug|x64.ActiveCfg = Debug|Any CPU
		{8DA46EFD-D205-455C-94E1-4EDE6D8249DE}.Debug|x64.Build.0 = Debug|Any CPU
		{8DA46EFD-D205-455C-94E1-4EDE6D8249DE}.Debug|x86.ActiveCfg = Debug|Any CPU
		{8DA46EFD-D205-455C-94E1-4EDE6D8249DE}.Debug|x86.Build.0 = Debug|Any CPU
		{8DA46EFD-D205-455C-94E1-4EDE6D8249DE}.Release|Any CPU.ActiveCfg = Release|Any CPU
		{8DA46EFD-D205-455C-94E1-4EDE6D8249DE}.Release|Any CPU.Build.0 = Release|Any CPU
		{8DA46EFD-D205-455C-94E1-4EDE6D8249DE}.Release|x64.ActiveCfg = Release|Any CPU
		{8DA46EFD-D205-455C-94E1-4EDE6D8249DE}.Release|x64.Build.0 = Release|Any CPU
		{8DA46EFD-D205-455C-94E1-4EDE6D8249DE}.Release|x86.ActiveCfg = Release|Any CPU
		{8DA46EFD-D205-455C-94E1-4EDE6D8249DE}.Release|x86.Build.0 = Release|Any CPU
		{84DDC22E-5BDB-4F98-87F4-A8F9CA6AC5B3}.Debug|Any CPU.ActiveCfg = Debug|Any CPU
		{84DDC22E-5BDB-4F98-87F4-A8F9CA6AC5B3}.Debug|Any CPU.Build.0 = Debug|Any CPU
		{84DDC22E-5BDB-4F98-87F4-A8F9CA6AC5B3}.Debug|x64.ActiveCfg = Debug|Any CPU
		{84DDC22E-5BDB-4F98-87F4-A8F9CA6AC5B3}.Debug|x64.Build.0 = Debug|Any CPU
		{84DDC22E-5BDB-4F98-87F4-A8F9CA6AC5B3}.Debug|x86.ActiveCfg = Debug|Any CPU
		{84DDC22E-5BDB-4F98-87F4-A8F9CA6AC5B3}.Debug|x86.Build.0 = Debug|Any CPU
		{84DDC22E-5BDB-4F98-87F4-A8F9CA6AC5B3}.Release|Any CPU.ActiveCfg = Release|Any CPU
		{84DDC22E-5BDB-4F98-87F4-A8F9CA6AC5B3}.Release|Any CPU.Build.0 = Release|Any CPU
		{84DDC22E-5BDB-4F98-87F4-A8F9CA6AC5B3}.Release|x64.ActiveCfg = Release|Any CPU
		{84DDC22E-5BDB-4F98-87F4-A8F9CA6AC5B3}.Release|x64.Build.0 = Release|Any CPU
		{84DDC22E-5BDB-4F98-87F4-A8F9CA6AC5B3}.Release|x86.ActiveCfg = Release|Any CPU
		{84DDC22E-5BDB-4F98-87F4-A8F9CA6AC5B3}.Release|x86.Build.0 = Release|Any CPU
	EndGlobalSection
	GlobalSection(SolutionProperties) = preSolution
		HideSolutionNode = FALSE
	EndGlobalSection
	GlobalSection(NestedProjects) = preSolution
		{7963CD0E-E1A1-4C6C-B390-52C1F33CFCA7} = {0AB3BF05-4346-4AA6-1389-037BE0695223}
		{EE72C107-99EB-4BAE-81C8-A240E140E235} = {0AB3BF05-4346-4AA6-1389-037BE0695223}
		{AC927BA6-D339-46F5-83A5-9E4412FFEB50} = {0AB3BF05-4346-4AA6-1389-037BE0695223}
		{F396A986-7A62-4D29-88F6-44D33FB3EF54} = {827E0CD3-B72D-47B6-A68D-7590B98EB39B}
		{E0AA6D7C-69B7-42B5-830C-626A0E64C9F3} = {827E0CD3-B72D-47B6-A68D-7590B98EB39B}
		{8DA46EFD-D205-455C-94E1-4EDE6D8249DE} = {827E0CD3-B72D-47B6-A68D-7590B98EB39B}
		{84DDC22E-5BDB-4F98-87F4-A8F9CA6AC5B3} = {827E0CD3-B72D-47B6-A68D-7590B98EB39B}
	EndGlobalSection
EndGlobal
